{
  "requires": true,
  "lockfileVersion": 1,
  "dependencies": {
    "vue-aplayer": {
      "version": "1.6.1",
      "resolved": "https://registry.npmjs.org/vue-aplayer/-/vue-aplayer-1.6.1.tgz",
      "integrity": "sha512-c+ZAwZ63bVDsKkcHeKLAonIL2gY4nrVRdKypoPRXSkh+8B1cVhFT2tx8HSTNT6eX6WZyDtaYrEJfcgetrfvcdQ=="
    }
  }
}
